
Microsoft Visual Studio Solution File, Format Version 12.00
# Visual Studio Version 16
VisualStudioVersion = 16.0.33801.447
MinimumVisualStudioVersion = 10.0.40219.1
Project("{FAE04EC0-301F-11D3-BF4B-00C04F79EFBC}") = "PruebaProyecto", "PruebaProyecto.csproj", "{B360B7DA-1443-475A-B53F-1E12579F1183}"
EndProject
Global
	GlobalSection(SolutionConfigurationPlatforms) = preSolution
		Debug|Any CPU = Debug|Any CPU
		Release|Any CPU = Release|Any CPU
	EndGlobalSection
	GlobalSection(ProjectConfigurationPlatforms) = postSolution
		{B360B7DA-1443-475A-B53F-1E12579F1183}.Debug|Any CPU.ActiveCfg = Debug|Any CPU
		{B360B7DA-1443-475A-B53F-1E12579F1183}.Debug|Any CPU.Build.0 = Debug|Any CPU
		{B360B7DA-1443-475A-B53F-1E12579F1183}.Release|Any CPU.ActiveCfg = Release|Any CPU
		{B360B7DA-1443-475A-B53F-1E12579F1183}.Release|Any CPU.Build.0 = Release|Any CPU
	EndGlobalSection
	GlobalSection(SolutionProperties) = preSolution
		HideSolutionNode = FALSE
	EndGlobalSection
	GlobalSection(ExtensibilityGlobals) = postSolution
		SolutionGuid = {AD3652B9-84DF-4900-9C5F-A81E8AB7B456}
	EndGlobalSection
EndGlobal
